{
  "name": "raspi-io-server-utils",
  "version": "2.0.0-1",
  "lockfileVersion": 1,
  "requires": true,
  "dependencies": {
    "@types/jasmine": {
      "version": "3.3.16",
      "resolved": "https://registry.npmjs.org/@types/jasmine/-/jasmine-3.3.16.tgz",
      "integrity": "sha512-Nveep4zKGby8uIvG2AEUyYOwZS8uVeHK9TgbuWYSawUDDdIgfhCKz28QzamTo//Jk7Ztt9PO3f+vzlB6a4GV1Q==",
      "dev": true
    },
    "@types/node": {
      "version": "10.7.1",
      "resolved": "https://registry.npmjs.org/@types/node/-/node-10.7.1.tgz",
      "integrity": "sha512-EGoI4ylB/lPOaqXqtzAyL8HcgOuCtH2hkEaLmkueOYufsTFWBn4VCvlCDC2HW8Q+9iF+QVC3sxjDKQYjHQeZ9w==",
      "dev": true
    },
    "balanced-match": {
      "version": "1.0.0",
      "resolved": "https://registry.npmjs.org/balanced-match/-/balanced-match-1.0.0.tgz",
      "integrity": "sha1-ibTRmasr7kneFk6gK4nORi1xt2c=",
      "dev": true
    },
    "bindings": {
      "version": "1.3.1",
      "resolved": "https://registry.npmjs.org/bindings/-/bindings-1.3.1.tgz",
      "integrity": "sha512-i47mqjF9UbjxJhxGf+pZ6kSxrnI3wBLlnGI2ArWJ4r0VrvDS7ZYXkprq/pLaBWYq4GM0r4zdHY+NNRqEMU7uew=="
    },
    "brace-expansion": {
      "version": "1.1.11",
      "resolved": "https://registry.npmjs.org/brace-expansion/-/brace-expansion-1.1.11.tgz",
      "integrity": "sha512-iCuPHDFgrHX7H2vEI/5xpz07zSHB00TpugqhmYtVmMO6518mCuRMoOYFldEBl0g187ufozdaHgWKcYFb61qGiA==",
      "dev": true,
      "requires": {
        "balanced-match": "^1.0.0",
        "concat-map": "0.0.1"
      }
    },
    "check-types": {
      "version": "9.0.1",
      "resolved": "https://registry.npmjs.org/check-types/-/check-types-9.0.1.tgz",
      "integrity": "sha512-APJq7Ul6bU1LRmEAnMd51Mt2WF2WoTwWkQoKpq2H4cB7phIJ2v0KhuMgxrwgW1hJ5JLE2G0d1va65Y8K4e9R3Q=="
    },
    "concat-map": {
      "version": "0.0.1",
      "resolved": "https://registry.npmjs.org/concat-map/-/concat-map-0.0.1.tgz",
      "integrity": "sha1-2Klr13/Wjfd5OnMDajug1UBdR3s=",
      "dev": true
    },
    "fs.realpath": {
      "version": "1.0.0",
      "resolved": "https://registry.npmjs.org/fs.realpath/-/fs.realpath-1.0.0.tgz",
      "integrity": "sha1-FQStJSMVjKpA20onh8sBQRmU6k8=",
      "dev": true
    },
    "glob": {
      "version": "7.1.4",
      "resolved": "https://registry.npmjs.org/glob/-/glob-7.1.4.tgz",
      "integrity": "sha512-hkLPepehmnKk41pUGm3sYxoFs/umurYfYJCerbXEyFIWcAzvpipAgVkBqqT9RBKMGjnq6kMuyYwha6csxbiM1A==",
      "dev": true,
      "requires": {
        "fs.realpath": "^1.0.0",
        "inflight": "^1.0.4",
        "inherits": "2",
        "minimatch": "^3.0.4",
        "once": "^1.3.0",
        "path-is-absolute": "^1.0.0"
      }
    },
    "inflight": {
      "version": "1.0.6",
      "resolved": "https://registry.npmjs.org/inflight/-/inflight-1.0.6.tgz",
      "integrity": "sha1-Sb1jMdfQLQwJvJEKEHW6gWW1bfk=",
      "dev": true,
      "requires": {
        "once": "^1.3.0",
        "wrappy": "1"
      }
    },
    "inherits": {
      "version": "2.0.4",
      "resolved": "https://registry.npmjs.org/inherits/-/inherits-2.0.4.tgz",
      "integrity": "sha512-k/vGaX4/Yla3WzyMCvTQOXYeIHvqOKtnqBduzTHpzpQZzAskKMhZ2K+EnBiSM9zGSoIFeMpXKxa4dYeZIQqewQ==",
      "dev": true
    },
    "jasmine": {
      "version": "3.4.0",
      "resolved": "https://registry.npmjs.org/jasmine/-/jasmine-3.4.0.tgz",
      "integrity": "sha512-sR9b4n+fnBFDEd7VS2el2DeHgKcPiMVn44rtKFumq9q7P/t8WrxsVIZPob4UDdgcDNCwyDqwxCt4k9TDRmjPoQ==",
      "dev": true,
      "requires": {
        "glob": "^7.1.3",
        "jasmine-core": "~3.4.0"
      }
    },
    "jasmine-core": {
      "version": "3.4.0",
      "resolved": "https://registry.npmjs.org/jasmine-core/-/jasmine-core-3.4.0.tgz",
      "integrity": "sha512-HU/YxV4i6GcmiH4duATwAbJQMlE0MsDIR5XmSVxURxKHn3aGAdbY1/ZJFmVRbKtnLwIxxMJD7gYaPsypcbYimg==",
      "dev": true
    },
    "minimatch": {
      "version": "3.0.4",
      "resolved": "https://registry.npmjs.org/minimatch/-/minimatch-3.0.4.tgz",
      "integrity": "sha512-yJHVQEhyqPLUTgt9B83PXu6W3rx4MvvHvSUvToogpwoGDOUQ+yDrR0HRot+yOCdCO7u4hX3pWft6kWBBcqh0UA==",
      "dev": true,
      "requires": {
        "brace-expansion": "^1.1.7"
      }
    },
    "nan": {
      "version": "2.11.1",
      "resolved": "https://registry.npmjs.org/nan/-/nan-2.11.1.tgz",
      "integrity": "sha512-iji6k87OSXa0CcrLl9z+ZiYSuR2o+c0bGuNmXdrhTQTakxytAFsC56SArGYoiHlJlFoHSnvmhpceZJaXkVuOtA=="
    },
    "once": {
      "version": "1.4.0",
      "resolved": "https://registry.npmjs.org/once/-/once-1.4.0.tgz",
      "integrity": "sha1-WDsap3WWHUsROsF9nFC6753Xa9E=",
      "dev": true,
      "requires": {
        "wrappy": "1"
      }
    },
    "path-is-absolute": {
      "version": "1.0.1",
      "resolved": "https://registry.npmjs.org/path-is-absolute/-/path-is-absolute-1.0.1.tgz",
      "integrity": "sha1-F0uSaHNVNP+8es5r9TpanhtcX18=",
      "dev": true
    },
    "rpi-ws281x-native": {
      "version": "0.9.0",
      "resolved": "https://registry.npmjs.org/rpi-ws281x-native/-/rpi-ws281x-native-0.9.0.tgz",
      "integrity": "sha512-Wj5X2iZyI5LMzxQeUoRpQJLIMWmthFDiOrcgRsIjZaebyzLsM0QtZ309YSF0enDYNdSQj+y0pmn9+uDHyvO/8A==",
      "requires": {
        "nan": "^2.0.9"
      }
    },
    "rpio": {
      "version": "1.0.13",
      "resolved": "https://registry.npmjs.org/rpio/-/rpio-1.0.13.tgz",
      "integrity": "sha512-9Aj7PmYe5N+Tyy93thDfShCJ2Sjmx1znsluyDdr9altRYZZcFwhXwKRlMGbtp6GX0EnN01Me0x6HNmv/VC4HpA==",
      "requires": {
        "bindings": "~1.3.0",
        "nan": "~2.11.0"
      }
    },
    "typescript": {
      "version": "3.5.3",
      "resolved": "https://registry.npmjs.org/typescript/-/typescript-3.5.3.tgz",
      "integrity": "sha512-ACzBtm/PhXBDId6a6sDJfroT2pOWt/oOnk4/dElG5G33ZL776N3Y6/6bKZJBFpd+b05F3Ct9qDjMeJmRWtE2/g==",
      "dev": true
    },
    "wrappy": {
      "version": "1.0.2",
      "resolved": "https://registry.npmjs.org/wrappy/-/wrappy-1.0.2.tgz",
      "integrity": "sha1-tSQ9jz7BqjXxNkYFvA0QNuMKtp8=",
      "dev": true
    }
  }
}
